<<<<<<< HEAD
{
  "name": "granja-santa-helena",
  "version": "1.0.0",
  "lockfileVersion": 3,
  "requires": true,
  "packages": {
    "": {
      "name": "granja-santa-helena",
      "version": "1.0.0"
    }
  }
}
=======
{
  "name": "granja-santa-helena",
  "version": "1.0.0",
  "lockfileVersion": 3,
  "requires": true,
  "packages": {
    "": {
      "name": "granja-santa-helena",
      "version": "1.0.0"
    }
  }
}
>>>>>>> 98432a426115134955e9314f86f0da2ef6112aa9
